// !$*UTF8*$!
{
	archiveVersion = 1;
	classes = {
	};
	objectVersion = 77;
	objects = {

/* Begin PBXContainerItemProxy section */
		F1AAAA6F2EA9FBFD00F7C38F /* PBXContainerItemProxy */ = {
			isa = PBXContainerItemProxy;
			containerPortal = F1AAAA502EA9FBFC00F7C38F /* Project object */;
			proxyType = 1;
			remoteGlobalIDString = F1AAAA572EA9FBFC00F7C38F;
			remoteInfo = Dice;
		};
		F1AAAA792EA9FBFD00F7C38F /* PBXContainerItemProxy */ = {
			isa = PBXContainerItemProxy;
			containerPortal = F1AAAA502EA9FBFC00F7C38F /* Project object */;
			proxyType = 1;
			remoteGlobalIDString = F1AAAA572EA9FBFC00F7C38F;
			remoteInfo = Dice;
		};
/* End PBXContainerItemProxy section */

/* Begin PBXFileReference section */
		F1AAAA582EA9FBFC00F7C38F /* Dice.app */ = {isa = PBXFileReference; explicitFileType = wrapper.application; includeInIndex = 0; path = Dice.app; sourceTree = BUILT_PRODUCTS_DIR; };
		F1AAAA6E2EA9FBFD00F7C38F /* DiceTests.xctest */ = {isa = PBXFileReference; explicitFileType = wrapper.cfbundle; includeInIndex = 0; path = DiceTests.xctest; sourceTree = BUILT_PRODUCTS_DIR; };
		F1AAAA782EA9FBFD00F7C38F /* DiceUITests.xctest */ = {isa = PBXFileReference; explicitFileType = wrapper.cfbundle; includeInIndex = 0; path = DiceUITests.xctest; sourceTree = BUILT_PRODUCTS_DIR; };
/* End PBXFileReference section */

/* Begin PBXFileSystemSynchronizedBuildFileExceptionSet section */
		F1AAAA802EA9FBFD00F7C38F /* Exceptions for "Dice" folder in "Dice" target */ = {
			isa = PBXFileSystemSynchronizedBuildFileExceptionSet;
			membershipExceptions = (
				Info.plist,
			);
			target = F1AAAA572EA9FBFC00F7C38F /* Dice */;
		};
/* End PBXFileSystemSynchronizedBuildFileExceptionSet section */

/* Begin PBXFileSystemSynchronizedRootGroup section */
		F1AAAA5A2EA9FBFC00F7C38F /* Dice */ = {
			isa = PBXFileSystemSynchronizedRootGroup;
			exceptions = (
				F1AAAA802EA9FBFD00F7C38F /* Exceptions for "Dice" folder in "Dice" target */,
			);
			path = Dice;
			sourceTree = "<group>";
		};
		F1AAAA712EA9FBFD00F7C38F /* DiceTests */ = {
			isa = PBXFileSystemSynchronizedRootGroup;
			path = DiceTests;
			sourceTree = "<group>";
		};
		F1AAAA7B2EA9FBFD00F7C38F /* DiceUITests */ = {
			isa = PBXFileSystemSynchronizedRootGroup;
			path = DiceUITests;
			sourceTree = "<group>";
		};
/* End PBXFileSystemSynchronizedRootGroup section */

/* Begin PBXFrameworksBuildPhase section */
		F1AAAA552EA9FBFC00F7C38F /* Frameworks */ = {
			isa = PBXFrameworksBuildPhase;
			buildActionMask = 2147483647;
			files = (
			);
			runOnlyForDeploymentPostprocessing = 0;
		};
		F1AAAA6B2EA9FBFD00F7C38F /* Frameworks */ = {
			isa = PBXFrameworksBuildPhase;
			buildActionMask = 2147483647;
			files = (
			);
			runOnlyForDeploymentPostprocessing = 0;
		};
		F1AAAA752EA9FBFD00F7C38F /* Frameworks */ = {
			isa = PBXFrameworksBuildPhase;
			buildActionMask = 2147483647;
			files = (
			);
			runOnlyForDeploymentPostprocessing = 0;
		};
/* End PBXFrameworksBuildPhase section */

/* Begin PBXGroup section */
		F1AAAA4F2EA9FBFC00F7C38F = {
			isa = PBXGroup;
			children = (
				F1AAAA5A2EA9FBFC00F7C38F /* Dice */,
				F1AAAA712EA9FBFD00F7C38F /* DiceTests */,
				F1AAAA7B2EA9FBFD00F7C38F /* DiceUITests */,
				F1AAAA592EA9FBFC00F7C38F /* Products */,
			);
			sourceTree = "<group>";
		};
		F1AAAA592EA9FBFC00F7C38F /* Products */ = {
			isa = PBXGroup;
			children = (
				F1AAAA582EA9FBFC00F7C38F /* Dice.app */,
				F1AAAA6E2EA9FBFD00F7C38F /* DiceTests.xctest */,
				F1AAAA782EA9FBFD00F7C38F /* DiceUITests.xctest */,
			);
			name = Products;
			sourceTree = "<group>";
		};
/* End PBXGroup section */

/* Begin PBXNativeTarget section */
		F1AAAA572EA9FBFC00F7C38F /* Dice */ = {
			isa = PBXNativeTarget;
			buildConfigurationList = F1AAAA812EA9FBFD00F7C38F /* Build configuration list for PBXNativeTarget "Dice" */;
			buildPhases = (
				F1AAAA542EA9FBFC00F7C38F /* Sources */,
				F1AAAA552EA9FBFC00F7C38F /* Frameworks */,
				F1AAAA562EA9FBFC00F7C38F /* Resources */,
			);
			buildRules = (
			);
			dependencies = (
			);
			fileSystemSynchronizedGroups = (
				F1AAAA5A2EA9FBFC00F7C38F /* Dice */,
			);
			name = Dice;
			packageProductDependencies = (
			);
			productName = Dice;
			productReference = F1AAAA582EA9FBFC00F7C38F /* Dice.app */;
			productType = "com.apple.product-type.application";
		};
		F1AAAA6D2EA9FBFD00F7C38F /* DiceTests */ = {
			isa = PBXNativeTarget;
			buildConfigurationList = F1AAAA862EA9FBFD00F7C38F /* Build configuration list for PBXNativeTarget "DiceTests" */;
			buildPhases = (
				F1AAAA6A2EA9FBFD00F7C38F /* Sources */,
				F1AAAA6B2EA9FBFD00F7C38F /* Frameworks */,
				F1AAAA6C2EA9FBFD00F7C38F /* Resources */,
			);
			buildRules = (
			);
			dependencies = (
				F1AAAA702EA9FBFD00F7C38F /* PBXTargetDependency */,
			);
			fileSystemSynchronizedGroups = (
				F1AAAA712EA9FBFD00F7C38F /* DiceTests */,
			);
			name = DiceTests;
			packageProductDependencies = (
			);
			productName = DiceTests;
			productReference = F1AAAA6E2EA9FBFD00F7C38F /* DiceTests.xctest */;
			productType = "com.apple.product-type.bundle.unit-test";
		};
		F1AAAA772EA9FBFD00F7C38F /* DiceUITests */ = {
			isa = PBXNativeTarget;
			buildConfigurationList = F1AAAA892EA9FBFD00F7C38F /* Build configuration list for PBXNativeTarget "DiceUITests" */;
			buildPhases = (
				F1AAAA742EA9FBFD00F7C38F /* Sources */,
				F1AAAA752EA9FBFD00F7C38F /* Frameworks */,
				F1AAAA762EA9FBFD00F7C38F /* Resources */,
			);
			buildRules = (
			);
			dependencies = (
				F1AAAA7A2EA9FBFD00F7C38F /* PBXTargetDependency */,
			);
			fileSystemSynchronizedGroups = (
				F1AAAA7B2EA9FBFD00F7C38F /* DiceUITests */,
			);
			name = DiceUITests;
			packageProductDependencies = (
			);
			productName = DiceUITests;
			productReference = F1AAAA782EA9FBFD00F7C38F /* DiceUITests.xctest */;
			productType = "com.apple.product-type.bundle.ui-testing";
		};
/* End PBXNativeTarget section */

/* Begin PBXProject section */
		F1AAAA502EA9FBFC00F7C38F /* Project object */ = {
			isa = PBXProject;
			attributes = {
				BuildIndependentTargetsInParallel = 1;
				LastSwiftUpdateCheck = 1640;
				LastUpgradeCheck = 1640;
				TargetAttributes = {
					F1AAAA572EA9FBFC00F7C38F = {
						CreatedOnToolsVersion = 16.4;
					};
					F1AAAA6D2EA9FBFD00F7C38F = {
						CreatedOnToolsVersion = 16.4;
						TestTargetID = F1AAAA572EA9FBFC00F7C38F;
					};
					F1AAAA772EA9FBFD00F7C38F = {
						CreatedOnToolsVersion = 16.4;
						TestTargetID = F1AAAA572EA9FBFC00F7C38F;
					};
				};
			};
			buildConfigurationList = F1AAAA532EA9FBFC00F7C38F /* Build configuration list for PBXProject "Dice" */;
			developmentRegion = en;
			hasScannedForEncodings = 0;
			knownRegions = (
				en,
				Base,
			);
			mainGroup = F1AAAA4F2EA9FBFC00F7C38F;
			minimizedProjectReferenceProxies = 1;
			preferredProjectObjectVersion = 77;
			productRefGroup = F1AAAA592EA9FBFC00F7C38F /* Products */;
			projectDirPath = "";
			projectRoot = "";
			targets = (
				F1AAAA572EA9FBFC00F7C38F /* Dice */,
				F1AAAA6D2EA9FBFD00F7C38F /* DiceTests */,
				F1AAAA772EA9FBFD00F7C38F /* DiceUITests */,
			);
		};
/* End PBXProject section */

/* Begin PBXResourcesBuildPhase section */
		F1AAAA562EA9FBFC00F7C38F /* Resources */ = {
			isa = PBXResourcesBuildPhase;
			buildActionMask = 2147483647;
			files = (
			);
			runOnlyForDeploymentPostprocessing = 0;
		};
		F1AAAA6C2EA9FBFD00F7C38F /* Resources */ = {
			isa = PBXResourcesBuildPhase;
			buildActionMask = 2147483647;
			files = (
			);
			runOnlyForDeploymentPostprocessing = 0;
		};
		F1AAAA762EA9FBFD00F7C38F /* Resources */ = {
			isa = PBXResourcesBuildPhase;
			buildActionMask = 2147483647;
			files = (
			);
			runOnlyForDeploymentPostprocessing = 0;
		};
/* End PBXResourcesBuildPhase section */

/* Begin PBXSourcesBuildPhase section */
		F1AAAA542EA9FBFC00F7C38F /* Sources */ = {
			isa = PBXSourcesBuildPhase;
			buildActionMask = 2147483647;
			files = (
			);
			runOnlyForDeploymentPostprocessing = 0;
		};
		F1AAAA6A2EA9FBFD00F7C38F /* Sources */ = {
			isa = PBXSourcesBuildPhase;
			buildActionMask = 2147483647;
			files = (
			);
			runOnlyForDeploymentPostprocessing = 0;
		};
		F1AAAA742EA9FBFD00F7C38F /* Sources */ = {
			isa = PBXSourcesBuildPhase;
			buildActionMask = 2147483647;
			files = (
			);
			runOnlyForDeploymentPostprocessing = 0;
		};
/* End PBXSourcesBuildPhase section */

/* Begin PBXTargetDependency section */
		F1AAAA702EA9FBFD00F7C38F /* PBXTargetDependency */ = {
			isa = PBXTargetDependency;
			target = F1AAAA572EA9FBFC00F7C38F /* Dice */;
			targetProxy = F1AAAA6F2EA9FBFD00F7C38F /* PBXContainerItemProxy */;
		};
		F1AAAA7A2EA9FBFD00F7C38F /* PBXTargetDependency */ = {
			isa = PBXTargetDependency;
			target = F1AAAA572EA9FBFC00F7C38F /* Dice */;
			targetProxy = F1AAAA792EA9FBFD00F7C38F /* PBXContainerItemProxy */;
		};
/* End PBXTargetDependency section */

/* Begin XCBuildConfiguration section */
		F1AAAA822EA9FBFD00F7C38F /* Debug */ = {
			isa = XCBuildConfiguration;
			buildSettings = {
				ASSETCATALOG_COMPILER_APPICON_NAME = AppIcon;
				ASSETCATALOG_COMPILER_GLOBAL_ACCENT_COLOR_NAME = AccentColor;
				CODE_SIGN_STYLE = Automatic;
				CURRENT_PROJECT_VERSION = 1;
				GENERATE_INFOPLIST_FILE = YES;
				INFOPLIST_FILE = Dice/Info.plist;
				INFOPLIST_KEY_UIApplicationSupportsIndirectInputEvents = YES;
				INFOPLIST_KEY_UILaunchStoryboardName = LaunchScreen;
				INFOPLIST_KEY_UIMainStoryboardFile = Main;
				INFOPLIST_KEY_UISupportedInterfaceOrientations_iPad = "UIInterfaceOrientationPortrait UIInterfaceOrientationPortraitUpsideDown UIInterfaceOrientationLandscapeLeft UIInterfaceOrientationLandscapeRight";
				INFOPLIST_KEY_UISupportedInterfaceOrientations_iPhone = "UIInterfaceOrientationPortrait UIInterfaceOrientationLandscapeLeft UIInterfaceOrientationLandscapeRight";
				LD_RUNPATH_SEARCH_PATHS = (
					"$(inherited)",
					"@executable_path/Frameworks",
				);
				MARKETING_VERSION = 1.0;
				PRODUCT_BUNDLE_IDENTIFIER = Dilnaz.Dice;
				PRODUCT_NAME = "$(TARGET_NAME)";
				SWIFT_EMIT_LOC_STRINGS = YES;
				SWIFT_VERSION = 5.0;
				TARGETED_DEVICE_FAMILY = "1,2";
			};
			name = Debug;
		};
		F1AAAA832EA9FBFD00F7C38F /* Release */ = {
			isa = XCBuildConfiguration;
			buildSettings = {
				ASSETCATALOG_COMPILER_APPICON_NAME = AppIcon;
				ASSETCATALOG_COMPILER_GLOBAL_ACCENT_COLOR_NAME = AccentColor;
				CODE_SIGN_STYLE = Automatic;
				CURRENT_PROJECT_VERSION = 1;
				GENERATE_INFOPLIST_FILE = YES;
				INFOPLIST_FILE = Dice/Info.plist;
				INFOPLIST_KEY_UIApplicationSupportsIndirectInputEvents = YES;
				INFOPLIST_KEY_UILaunchStoryboardName = LaunchScreen;
				INFOPLIST_KEY_UIMainStoryboardFile = Main;
				INFOPLIST_KEY_UISupportedInterfaceOrientations_iPad = "UIInterfaceOrientationPortrait UIInterfaceOrientationPortraitUpsideDown UIInterfaceOrientationLandscapeLeft UIInterfaceOrientationLandscapeRight";
				INFOPLIST_KEY_UISupportedInterfaceOrientations_iPhone = "UIInterfaceOrientationPortrait UIInterfaceOrientationLandscapeLeft UIInterfaceOrientationLandscapeRight";
				LD_RUNPATH_SEARCH_PATHS = (
					"$(inherited)",
					"@executable_path/Frameworks",
				);
				MARKETING_VERSION = 1.0;
				PRODUCT_BUNDLE_IDENTIFIER = Dilnaz.Dice;
				PRODUCT_NAME = "$(TARGET_NAME)";
				SWIFT_EMIT_LOC_STRINGS = YES;
				SWIFT_VERSION = 5.0;
				TARGETED_DEVICE_FAMILY = "1,2";
			};
			name = Release;
		};
		F1AAAA842EA9FBFD00F7C38F /* Debug */ = {
			isa = XCBuildConfiguration;
			buildSettings = {
				ALWAYS_SEARCH_USER_PATHS = NO;
				ASSETCATALOG_COMPILER_GENERATE_SWIFT_ASSET_SYMBOL_EXTENSIONS = YES;
				CLANG_ANALYZER_NONNULL = YES;
				CLANG_ANALYZER_NUMBER_OBJECT_CONVERSION = YES_AGGRESSIVE;
				CLANG_CXX_LANGUAGE_STANDARD = "gnu++20";
				CLANG_ENABLE_MODULES = YES;
				CLANG_ENABLE_OBJC_ARC = YES;
				CLANG_ENABLE_OBJC_WEAK = YES;
				CLANG_WARN_BLOCK_CAPTURE_AUTORELEASING = YES;
				CLANG_WARN_BOOL_CONVERSION = YES;
				CLANG_WARN_COMMA = YES;
				CLANG_WARN_CONSTANT_CONVERSION = YES;
				CLANG_WARN_DEPRECATED_OBJC_IMPLEMENTATIONS = YES;
				CLANG_WARN_DIRECT_OBJC_ISA_USAGE = YES_ERROR;
				CLANG_WARN_DOCUMENTATION_COMMENTS = YES;
				CLANG_WARN_EMPTY_BODY = YES;
				CLANG_WARN_ENUM_CONVERSION = YES;
				CLANG_WARN_INFINITE_RECURSION = YES;
				CLANG_WARN_INT_CONVERSION = YES;
				CLANG_WARN_NON_LITERAL_NULL_CONVERSION = YES;
				CLANG_WARN_OBJC_IMPLICIT_RETAIN_SELF = YES;
				CLANG_WARN_OBJC_LITERAL_CONVERSION = YES;
				CLANG_WARN_OBJC_ROOT_CLASS = YES_ERROR;
				CLANG_WARN_QUOTED_INCLUDE_IN_FRAMEWORK_HEADER = YES;
				CLANG_WARN_RANGE_LOOP_ANALYSIS = YES;
				CLANG_WARN_STRICT_PROTOTYPES = YES;
				CLANG_WARN_SUSPICIOUS_MOVE = YES;
				CLANG_WARN_UNGUARDED_AVAILABILITY = YES_AGGRESSIVE;
				CLANG_WARN_UNREACHABLE_CODE = YES;
				CLANG_WARN__DUPLICATE_METHOD_MATCH = YES;
				COPY_PHASE_STRIP = NO;
				DEBUG_INFORMATION_FORMAT = dwarf;
				ENABLE_STRICT_OBJC_MSGSEND = YES;
				ENABLE_TESTABILITY = YES;
				ENABLE_USER_SCRIPT_SANDBOXING = YES;
				GCC_C_LANGUAGE_STANDARD = gnu17;
				GCC_DYNAMIC_NO_PIC = NO;
				GCC_NO_COMMON_BLOCKS = YES;
				GCC_OPTIMIZATION_LEVEL = 0;
				GCC_PREPROCESSOR_DEFINITIONS = (
					"DEBUG=1",
					"$(inherited)",
				);
				GCC_WARN_64_TO_32_BIT_CONVERSION = YES;
				GCC_WARN_ABOUT_RETURN_TYPE = YES_ERROR;
				GCC_WARN_UNDECLARED_SELECTOR = YES;
				GCC_WARN_UNINITIALIZED_AUTOS = YES_AGGRESSIVE;
				GCC_WARN_UNUSED_FUNCTION = YES;
				GCC_WARN_UNUSED_VARIABLE = YES;
				IPHONEOS_DEPLOYMENT_TARGET = 18.5;
				LOCALIZATION_PREFERS_STRING_CATALOGS = YES;
				MTL_ENABLE_DEBUG_INFO = INCLUDE_SOURCE;
				MTL_FAST_MATH = YES;
				ONLY_ACTIVE_ARCH = YES;
				SDKROOT = iphoneos;
				SWIFT_ACTIVE_COMPILATION_CONDITIONS = "DEBUG $(inherited)";
				SWIFT_OPTIMIZATION_LEVEL = "-Onone";
			};
			name = Debug;
		};
		F1AAAA852EA9FBFD00F7C38F /* Release */ = {
			isa = XCBuildConfiguration;
			buildSettings = {
				ALWAYS_SEARCH_USER_PATHS = NO;
				ASSETCATALOG_COMPILER_GENERATE_SWIFT_ASSET_SYMBOL_EXTENSIONS = YES;
				CLANG_ANALYZER_NONNULL = YES;
				CLANG_ANALYZER_NUMBER_OBJECT_CONVERSION = YES_AGGRESSIVE;
				CLANG_CXX_LANGUAGE_STANDARD = "gnu++20";
				CLANG_ENABLE_MODULES = YES;
				CLANG_ENABLE_OBJC_ARC = YES;
				CLANG_ENABLE_OBJC_WEAK = YES;
				CLANG_WARN_BLOCK_CAPTURE_AUTORELEASING = YES;
				CLANG_WARN_BOOL_CONVERSION = YES;
				CLANG_WARN_COMMA = YES;
				CLANG_WARN_CONSTANT_CONVERSION = YES;
				CLANG_WARN_DEPRECATED_OBJC_IMPLEMENTATIONS = YES;
				CLANG_WARN_DIRECT_OBJC_ISA_USAGE = YES_ERROR;
				CLANG_WARN_DOCUMENTATION_COMMENTS = YES;
				CLANG_WARN_EMPTY_BODY = YES;
				CLANG_WARN_ENUM_CONVERSION = YES;
				CLANG_WARN_INFINITE_RECURSION = YES;
				CLANG_WARN_INT_CONVERSION = YES;
				CLANG_WARN_NON_LITERAL_NULL_CONVERSION = YES;
				CLANG_WARN_OBJC_IMPLICIT_RETAIN_SELF = YES;
				CLANG_WARN_OBJC_LITERAL_CONVERSION = YES;
				CLANG_WARN_OBJC_ROOT_CLASS = YES_ERROR;
				CLANG_WARN_QUOTED_INCLUDE_IN_FRAMEWORK_HEADER = YES;
				CLANG_WARN_RANGE_LOOP_ANALYSIS = YES;
				CLANG_WARN_STRICT_PROTOTYPES = YES;
				CLANG_WARN_SUSPICIOUS_MOVE = YES;
				CLANG_WARN_UNGUARDED_AVAILABILITY = YES_AGGRESSIVE;
				CLANG_WARN_UNREACHABLE_CODE = YES;
				CLANG_WARN__DUPLICATE_METHOD_MATCH = YES;
				COPY_PHASE_STRIP = NO;
				DEBUG_INFORMATION_FORMAT = "dwarf-with-dsym";
				ENABLE_NS_ASSERTIONS = NO;
				ENABLE_STRICT_OBJC_MSGSEND = YES;
				ENABLE_USER_SCRIPT_SANDBOXING = YES;
				GCC_C_LANGUAGE_STANDARD = gnu17;
				GCC_NO_COMMON_BLOCKS = YES;
				GCC_WARN_64_TO_32_BIT_CONVERSION = YES;
				GCC_WARN_ABOUT_RETURN_TYPE = YES_ERROR;
				GCC_WARN_UNDECLARED_SELECTOR = YES;
				GCC_WARN_UNINITIALIZED_AUTOS = YES_AGGRESSIVE;
				GCC_WARN_UNUSED_FUNCTION = YES;
				GCC_WARN_UNUSED_VARIABLE = YES;
				IPHONEOS_DEPLOYMENT_TARGET = 18.5;
				LOCALIZATION_PREFERS_STRING_CATALOGS = YES;
				MTL_ENABLE_DEBUG_INFO = NO;
				MTL_FAST_MATH = YES;
				SDKROOT = iphoneos;
				SWIFT_COMPILATION_MODE = wholemodule;
				VALIDATE_PRODUCT = YES;
			};
			name = Release;
		};
		F1AAAA872EA9FBFD00F7C38F /* Debug */ = {
			isa = XCBuildConfiguration;
			buildSettings = {
				BUNDLE_LOADER = "$(TEST_HOST)";
				CODE_SIGN_STYLE = Automatic;
				CURRENT_PROJECT_VERSION = 1;
				GENERATE_INFOPLIST_FILE = YES;
				IPHONEOS_DEPLOYMENT_TARGET = 18.5;
				MARKETING_VERSION = 1.0;
				PRODUCT_BUNDLE_IDENTIFIER = Dilnaz.DiceTests;
				PRODUCT_NAME = "$(TARGET_NAME)";
				SWIFT_EMIT_LOC_STRINGS = NO;
				SWIFT_VERSION = 5.0;
				TARGETED_DEVICE_FAMILY = "1,2";
				TEST_HOST = "$(BUILT_PRODUCTS_DIR)/Dice.app/$(BUNDLE_EXECUTABLE_FOLDER_PATH)/Dice";
			};
			name = Debug;
		};
		F1AAAA882EA9FBFD00F7C38F /* Release */ = {
			isa = XCBuildConfiguration;
			buildSettings = {
				BUNDLE_LOADER = "$(TEST_HOST)";
				CODE_SIGN_STYLE = Automatic;
				CURRENT_PROJECT_VERSION = 1;
				GENERATE_INFOPLIST_FILE = YES;
				IPHONEOS_DEPLOYMENT_TARGET = 18.5;
				MARKETING_VERSION = 1.0;
				PRODUCT_BUNDLE_IDENTIFIER = Dilnaz.DiceTests;
				PRODUCT_NAME = "$(TARGET_NAME)";
				SWIFT_EMIT_LOC_STRINGS = NO;
				SWIFT_VERSION = 5.0;
				TARGETED_DEVICE_FAMILY = "1,2";
				TEST_HOST = "$(BUILT_PRODUCTS_DIR)/Dice.app/$(BUNDLE_EXECUTABLE_FOLDER_PATH)/Dice";
			};
			name = Release;
		};
		F1AAAA8A2EA9FBFD00F7C38F /* Debug */ = {
			isa = XCBuildConfiguration;
			buildSettings = {
				CODE_SIGN_STYLE = Automatic;
				CURRENT_PROJECT_VERSION = 1;
				GENERATE_INFOPLIST_FILE = YES;
				MARKETING_VERSION = 1.0;
				PRODUCT_BUNDLE_IDENTIFIER = Dilnaz.DiceUITests;
				PRODUCT_NAME = "$(TARGET_NAME)";
				SWIFT_EMIT_LOC_STRINGS = NO;
				SWIFT_VERSION = 5.0;
				TARGETED_DEVICE_FAMILY = "1,2";
				TEST_TARGET_NAME = Dice;
			};
			name = Debug;
		};
		F1AAAA8B2EA9FBFD00F7C38F /* Release */ = {
			isa = XCBuildConfiguration;
			buildSettings = {
				CODE_SIGN_STYLE = Automatic;
				CURRENT_PROJECT_VERSION = 1;
				GENERATE_INFOPLIST_FILE = YES;
				MARKETING_VERSION = 1.0;
				PRODUCT_BUNDLE_IDENTIFIER = Dilnaz.DiceUITests;
				PRODUCT_NAME = "$(TARGET_NAME)";
				SWIFT_EMIT_LOC_STRINGS = NO;
				SWIFT_VERSION = 5.0;
				TARGETED_DEVICE_FAMILY = "1,2";
				TEST_TARGET_NAME = Dice;
			};
			name = Release;
		};
/* End XCBuildConfiguration section */

/* Begin XCConfigurationList section */
		F1AAAA532EA9FBFC00F7C38F /* Build configuration list for PBXProject "Dice" */ = {
			isa = XCConfigurationList;
			buildConfigurations = (
				F1AAAA842EA9FBFD00F7C38F /* Debug */,
				F1AAAA852EA9FBFD00F7C38F /* Release */,
			);
			defaultConfigurationIsVisible = 0;
			defaultConfigurationName = Release;
		};
		F1AAAA812EA9FBFD00F7C38F /* Build configuration list for PBXNativeTarget "Dice" */ = {
			isa = XCConfigurationList;
			buildConfigurations = (
				F1AAAA822EA9FBFD00F7C38F /* Debug */,
				F1AAAA832EA9FBFD00F7C38F /* Release */,
			);
			defaultConfigurationIsVisible = 0;
			defaultConfigurationName = Release;
		};
		F1AAAA862EA9FBFD00F7C38F /* Build configuration list for PBXNativeTarget "DiceTests" */ = {
			isa = XCConfigurationList;
			buildConfigurations = (
				F1AAAA872EA9FBFD00F7C38F /* Debug */,
				F1AAAA882EA9FBFD00F7C38F /* Release */,
			);
			defaultConfigurationIsVisible = 0;
			defaultConfigurationName = Release;
		};
		F1AAAA892EA9FBFD00F7C38F /* Build configuration list for PBXNativeTarget "DiceUITests" */ = {
			isa = XCConfigurationList;
			buildConfigurations = (
				F1AAAA8A2EA9FBFD00F7C38F /* Debug */,
				F1AAAA8B2EA9FBFD00F7C38F /* Release */,
			);
			defaultConfigurationIsVisible = 0;
			defaultConfigurationName = Release;
		};
/* End XCConfigurationList section */
	};
	rootObject = F1AAAA502EA9FBFC00F7C38F /* Project object */;
}
